
Microsoft Visual Studio Solution File, Format Version 12.00
# Visual Studio 2013
VisualStudioVersion = 12.0.30501.0
MinimumVisualStudioVersion = 10.0.40219.1
Project("{FAE04EC0-301F-11D3-BF4B-00C04F79EFBC}") = "SDMIndonesiaReports", "SDMIndonesiaReports\SDMIndonesiaReports.csproj", "{E7FC10AD-4AAE-4ED3-B1EE-2EBF5F7C186D}"
EndProject
Project("{FAE04EC0-301F-11D3-BF4B-00C04F79EFBC}") = "SDMIndonesiaReportsDB", "..\SDMIndonesiaReportsDB\SDMIndonesiaReportsDB.csproj", "{BE58E643-FC43-4CD9-8FE8-3BC93D6F3A44}"
EndProject
Global
	GlobalSection(TeamFoundationVersionControl) = preSolution
		SccNumberOfProjects = 3
		SccEnterpriseProvider = {4CA58AB2-18FA-4F8D-95D4-32DDF27D184C}
		SccTeamFoundationServer = http://tfsserver:8080/tfs/qutip%20project%20collection
		SccLocalPath0 = .
		SccProjectUniqueName1 = SDMIndonesiaReports\\SDMIndonesiaReports.csproj
		SccProjectName1 = SDMIndonesiaReports
		SccLocalPath1 = SDMIndonesiaReports
		SccProjectUniqueName2 = ..\\SDMIndonesiaReportsDB\\SDMIndonesiaReportsDB.csproj
		SccProjectName2 = ../SDMIndonesiaReportsDB
		SccLocalPath2 = ..\\SDMIndonesiaReportsDB
	EndGlobalSection
	GlobalSection(SolutionConfigurationPlatforms) = preSolution
		Debug|Any CPU = Debug|Any CPU
		Release|Any CPU = Release|Any CPU
	EndGlobalSection
	GlobalSection(ProjectConfigurationPlatforms) = postSolution
		{E7FC10AD-4AAE-4ED3-B1EE-2EBF5F7C186D}.Debug|Any CPU.ActiveCfg = Debug|Any CPU
		{E7FC10AD-4AAE-4ED3-B1EE-2EBF5F7C186D}.Debug|Any CPU.Build.0 = Debug|Any CPU
		{E7FC10AD-4AAE-4ED3-B1EE-2EBF5F7C186D}.Release|Any CPU.ActiveCfg = Release|Any CPU
		{E7FC10AD-4AAE-4ED3-B1EE-2EBF5F7C186D}.Release|Any CPU.Build.0 = Release|Any CPU
		{BE58E643-FC43-4CD9-8FE8-3BC93D6F3A44}.Debug|Any CPU.ActiveCfg = Debug|Any CPU
		{BE58E643-FC43-4CD9-8FE8-3BC93D6F3A44}.Debug|Any CPU.Build.0 = Debug|Any CPU
		{BE58E643-FC43-4CD9-8FE8-3BC93D6F3A44}.Release|Any CPU.ActiveCfg = Release|Any CPU
		{BE58E643-FC43-4CD9-8FE8-3BC93D6F3A44}.Release|Any CPU.Build.0 = Release|Any CPU
	EndGlobalSection
	GlobalSection(SolutionProperties) = preSolution
		HideSolutionNode = FALSE
	EndGlobalSection
EndGlobal
